// !$*UTF8*$!
{
	archiveVersion = 1;
	classes = {
	};
	objectVersion = 56;
	objects = {

/* Begin PBXBuildFile section */
		E496F40629F5ABBA00C33CEF /* TradeTogetherApp.swift in Sources */ = {isa = PBXBuildFile; fileRef = E496F40529F5ABBA00C33CEF /* TradeTogetherApp.swift */; };
		E496F40829F5ABBA00C33CEF /* LoginView.swift in Sources */ = {isa = PBXBuildFile; fileRef = E496F40729F5ABBA00C33CEF /* LoginView.swift */; };
		E496F40A29F5ABBD00C33CEF /* Assets.xcassets in Resources */ = {isa = PBXBuildFile; fileRef = E496F40929F5ABBD00C33CEF /* Assets.xcassets */; };
		E496F40D29F5ABBD00C33CEF /* Preview Assets.xcassets in Resources */ = {isa = PBXBuildFile; fileRef = E496F40C29F5ABBD00C33CEF /* Preview Assets.xcassets */; };
		E496F41729F5ADC200C33CEF /* FirebaseAuth in Frameworks */ = {isa = PBXBuildFile; productRef = E496F41629F5ADC200C33CEF /* FirebaseAuth */; };
		E496F41929F5ADC200C33CEF /* FirebaseFirestore in Frameworks */ = {isa = PBXBuildFile; productRef = E496F41829F5ADC200C33CEF /* FirebaseFirestore */; };
		E496F41B29F5ADC200C33CEF /* FirebaseFirestoreSwift in Frameworks */ = {isa = PBXBuildFile; productRef = E496F41A29F5ADC200C33CEF /* FirebaseFirestoreSwift */; };
		E496F41D29F5ADC200C33CEF /* FirebaseStorage in Frameworks */ = {isa = PBXBuildFile; productRef = E496F41C29F5ADC200C33CEF /* FirebaseStorage */; };
		E496F41F29F5AF6000C33CEF /* GoogleService-Info.plist in Resources */ = {isa = PBXBuildFile; fileRef = E496F41E29F5AF5F00C33CEF /* GoogleService-Info.plist */; };
		E496F42129F5C48B00C33CEF /* HomeView.swift in Sources */ = {isa = PBXBuildFile; fileRef = E496F42029F5C48B00C33CEF /* HomeView.swift */; };
		E496F42329F5D14D00C33CEF /* Watchlist.swift in Sources */ = {isa = PBXBuildFile; fileRef = E496F42229F5D14D00C33CEF /* Watchlist.swift */; };
		E496F42529F5D16700C33CEF /* Stock.swift in Sources */ = {isa = PBXBuildFile; fileRef = E496F42429F5D16700C33CEF /* Stock.swift */; };
		E496F42929F5DC5D00C33CEF /* WatchlistDetailView.swift in Sources */ = {isa = PBXBuildFile; fileRef = E496F42829F5DC5D00C33CEF /* WatchlistDetailView.swift */; };
		E496F42B29F5E6B700C33CEF /* StockLookupView.swift in Sources */ = {isa = PBXBuildFile; fileRef = E496F42A29F5E6B700C33CEF /* StockLookupView.swift */; };
		E496F42E29F5EA1100C33CEF /* StockLookupViewModel.swift in Sources */ = {isa = PBXBuildFile; fileRef = E496F42D29F5EA1100C33CEF /* StockLookupViewModel.swift */; };
		E496F43029F5EBAC00C33CEF /* StockResults.swift in Sources */ = {isa = PBXBuildFile; fileRef = E496F42F29F5EBAC00C33CEF /* StockResults.swift */; };
		E496F43229F6171500C33CEF /* StockDetailView.swift in Sources */ = {isa = PBXBuildFile; fileRef = E496F43129F6171500C33CEF /* StockDetailView.swift */; };
		E496F43429F6185F00C33CEF /* StockViewModel.swift in Sources */ = {isa = PBXBuildFile; fileRef = E496F43329F6185F00C33CEF /* StockViewModel.swift */; };
		E496F43629F639CF00C33CEF /* PublicWatchlistsView.swift in Sources */ = {isa = PBXBuildFile; fileRef = E496F43529F639CF00C33CEF /* PublicWatchlistsView.swift */; };
		E496F43829F6D30600C33CEF /* WatchlistViewModel.swift in Sources */ = {isa = PBXBuildFile; fileRef = E496F43729F6D30600C33CEF /* WatchlistViewModel.swift */; };
/* End PBXBuildFile section */

/* Begin PBXFileReference section */
		E496F40229F5ABBA00C33CEF /* TradeTogether.app */ = {isa = PBXFileReference; explicitFileType = wrapper.application; includeInIndex = 0; path = TradeTogether.app; sourceTree = BUILT_PRODUCTS_DIR; };
		E496F40529F5ABBA00C33CEF /* TradeTogetherApp.swift */ = {isa = PBXFileReference; lastKnownFileType = sourcecode.swift; path = TradeTogetherApp.swift; sourceTree = "<group>"; };
		E496F40729F5ABBA00C33CEF /* LoginView.swift */ = {isa = PBXFileReference; lastKnownFileType = sourcecode.swift; path = LoginView.swift; sourceTree = "<group>"; };
		E496F40929F5ABBD00C33CEF /* Assets.xcassets */ = {isa = PBXFileReference; lastKnownFileType = folder.assetcatalog; path = Assets.xcassets; sourceTree = "<group>"; };
		E496F40C29F5ABBD00C33CEF /* Preview Assets.xcassets */ = {isa = PBXFileReference; lastKnownFileType = folder.assetcatalog; path = "Preview Assets.xcassets"; sourceTree = "<group>"; };
		E496F41E29F5AF5F00C33CEF /* GoogleService-Info.plist */ = {isa = PBXFileReference; fileEncoding = 4; lastKnownFileType = text.plist.xml; path = "GoogleService-Info.plist"; sourceTree = "<group>"; };
		E496F42029F5C48B00C33CEF /* HomeView.swift */ = {isa = PBXFileReference; lastKnownFileType = sourcecode.swift; path = HomeView.swift; sourceTree = "<group>"; };
		E496F42229F5D14D00C33CEF /* Watchlist.swift */ = {isa = PBXFileReference; lastKnownFileType = sourcecode.swift; path = Watchlist.swift; sourceTree = "<group>"; };
		E496F42429F5D16700C33CEF /* Stock.swift */ = {isa = PBXFileReference; lastKnownFileType = sourcecode.swift; path = Stock.swift; sourceTree = "<group>"; };
		E496F42829F5DC5D00C33CEF /* WatchlistDetailView.swift */ = {isa = PBXFileReference; lastKnownFileType = sourcecode.swift; path = WatchlistDetailView.swift; sourceTree = "<group>"; };
		E496F42A29F5E6B700C33CEF /* StockLookupView.swift */ = {isa = PBXFileReference; lastKnownFileType = sourcecode.swift; path = StockLookupView.swift; sourceTree = "<group>"; };
		E496F42D29F5EA1100C33CEF /* StockLookupViewModel.swift */ = {isa = PBXFileReference; lastKnownFileType = sourcecode.swift; path = StockLookupViewModel.swift; sourceTree = "<group>"; };
		E496F42F29F5EBAC00C33CEF /* StockResults.swift */ = {isa = PBXFileReference; lastKnownFileType = sourcecode.swift; path = StockResults.swift; sourceTree = "<group>"; };
		E496F43129F6171500C33CEF /* StockDetailView.swift */ = {isa = PBXFileReference; lastKnownFileType = sourcecode.swift; path = StockDetailView.swift; sourceTree = "<group>"; };
		E496F43329F6185F00C33CEF /* StockViewModel.swift */ = {isa = PBXFileReference; lastKnownFileType = sourcecode.swift; path = StockViewModel.swift; sourceTree = "<group>"; };
		E496F43529F639CF00C33CEF /* PublicWatchlistsView.swift */ = {isa = PBXFileReference; lastKnownFileType = sourcecode.swift; path = PublicWatchlistsView.swift; sourceTree = "<group>"; };
		E496F43729F6D30600C33CEF /* WatchlistViewModel.swift */ = {isa = PBXFileReference; lastKnownFileType = sourcecode.swift; path = WatchlistViewModel.swift; sourceTree = "<group>"; };
/* End PBXFileReference section */

/* Begin PBXFrameworksBuildPhase section */
		E496F3FF29F5ABBA00C33CEF /* Frameworks */ = {
			isa = PBXFrameworksBuildPhase;
			buildActionMask = 2147483647;
			files = (
				E496F41729F5ADC200C33CEF /* FirebaseAuth in Frameworks */,
				E496F41D29F5ADC200C33CEF /* FirebaseStorage in Frameworks */,
				E496F41929F5ADC200C33CEF /* FirebaseFirestore in Frameworks */,
				E496F41B29F5ADC200C33CEF /* FirebaseFirestoreSwift in Frameworks */,
			);
			runOnlyForDeploymentPostprocessing = 0;
		};
/* End PBXFrameworksBuildPhase section */

/* Begin PBXGroup section */
		E496F3F929F5ABBA00C33CEF = {
			isa = PBXGroup;
			children = (
				E496F40429F5ABBA00C33CEF /* TradeTogether */,
				E496F40329F5ABBA00C33CEF /* Products */,
			);
			sourceTree = "<group>";
		};
		E496F40329F5ABBA00C33CEF /* Products */ = {
			isa = PBXGroup;
			children = (
				E496F40229F5ABBA00C33CEF /* TradeTogether.app */,
			);
			name = Products;
			sourceTree = "<group>";
		};
		E496F40429F5ABBA00C33CEF /* TradeTogether */ = {
			isa = PBXGroup;
			children = (
				E496F40529F5ABBA00C33CEF /* TradeTogetherApp.swift */,
				E496F42629F5D16D00C33CEF /* Views */,
				E496F42729F5D17800C33CEF /* Models */,
				E496F42C29F5E9E200C33CEF /* ViewModels */,
				E496F41E29F5AF5F00C33CEF /* GoogleService-Info.plist */,
				E496F40929F5ABBD00C33CEF /* Assets.xcassets */,
				E496F40B29F5ABBD00C33CEF /* Preview Content */,
			);
			path = TradeTogether;
			sourceTree = "<group>";
		};
		E496F40B29F5ABBD00C33CEF /* Preview Content */ = {
			isa = PBXGroup;
			children = (
				E496F40C29F5ABBD00C33CEF /* Preview Assets.xcassets */,
			);
			path = "Preview Content";
			sourceTree = "<group>";
		};
		E496F42629F5D16D00C33CEF /* Views */ = {
			isa = PBXGroup;
			children = (
				E496F40729F5ABBA00C33CEF /* LoginView.swift */,
				E496F42029F5C48B00C33CEF /* HomeView.swift */,
				E496F43529F639CF00C33CEF /* PublicWatchlistsView.swift */,
				E496F42829F5DC5D00C33CEF /* WatchlistDetailView.swift */,
				E496F43129F6171500C33CEF /* StockDetailView.swift */,
				E496F42A29F5E6B700C33CEF /* StockLookupView.swift */,
			);
			path = Views;
			sourceTree = "<group>";
		};
		E496F42729F5D17800C33CEF /* Models */ = {
			isa = PBXGroup;
			children = (
				E496F42229F5D14D00C33CEF /* Watchlist.swift */,
				E496F42429F5D16700C33CEF /* Stock.swift */,
				E496F42F29F5EBAC00C33CEF /* StockResults.swift */,
			);
			path = Models;
			sourceTree = "<group>";
		};
		E496F42C29F5E9E200C33CEF /* ViewModels */ = {
			isa = PBXGroup;
			children = (
				E496F43729F6D30600C33CEF /* WatchlistViewModel.swift */,
				E496F43329F6185F00C33CEF /* StockViewModel.swift */,
				E496F42D29F5EA1100C33CEF /* StockLookupViewModel.swift */,
			);
			path = ViewModels;
			sourceTree = "<group>";
		};
/* End PBXGroup section */

/* Begin PBXNativeTarget section */
		E496F40129F5ABBA00C33CEF /* TradeTogether */ = {
			isa = PBXNativeTarget;
			buildConfigurationList = E496F41029F5ABBD00C33CEF /* Build configuration list for PBXNativeTarget "TradeTogether" */;
			buildPhases = (
				E496F3FE29F5ABBA00C33CEF /* Sources */,
				E496F3FF29F5ABBA00C33CEF /* Frameworks */,
				E496F40029F5ABBA00C33CEF /* Resources */,
			);
			buildRules = (
			);
			dependencies = (
			);
			name = TradeTogether;
			packageProductDependencies = (
				E496F41629F5ADC200C33CEF /* FirebaseAuth */,
				E496F41829F5ADC200C33CEF /* FirebaseFirestore */,
				E496F41A29F5ADC200C33CEF /* FirebaseFirestoreSwift */,
				E496F41C29F5ADC200C33CEF /* FirebaseStorage */,
			);
			productName = TradeTogether;
			productReference = E496F40229F5ABBA00C33CEF /* TradeTogether.app */;
			productType = "com.apple.product-type.application";
		};
/* End PBXNativeTarget section */

/* Begin PBXProject section */
		E496F3FA29F5ABBA00C33CEF /* Project object */ = {
			isa = PBXProject;
			attributes = {
				BuildIndependentTargetsInParallel = 1;
				LastSwiftUpdateCheck = 1430;
				LastUpgradeCheck = 1430;
				TargetAttributes = {
					E496F40129F5ABBA00C33CEF = {
						CreatedOnToolsVersion = 14.3;
					};
				};
			};
			buildConfigurationList = E496F3FD29F5ABBA00C33CEF /* Build configuration list for PBXProject "TradeTogether" */;
			compatibilityVersion = "Xcode 14.0";
			developmentRegion = en;
			hasScannedForEncodings = 0;
			knownRegions = (
				en,
				Base,
			);
			mainGroup = E496F3F929F5ABBA00C33CEF;
			packageReferences = (
				E496F41529F5ADC100C33CEF /* XCRemoteSwiftPackageReference "firebase-ios-sdk" */,
			);
			productRefGroup = E496F40329F5ABBA00C33CEF /* Products */;
			projectDirPath = "";
			projectRoot = "";
			targets = (
				E496F40129F5ABBA00C33CEF /* TradeTogether */,
			);
		};
/* End PBXProject section */

/* Begin PBXResourcesBuildPhase section */
		E496F40029F5ABBA00C33CEF /* Resources */ = {
			isa = PBXResourcesBuildPhase;
			buildActionMask = 2147483647;
			files = (
				E496F40D29F5ABBD00C33CEF /* Preview Assets.xcassets in Resources */,
				E496F40A29F5ABBD00C33CEF /* Assets.xcassets in Resources */,
				E496F41F29F5AF6000C33CEF /* GoogleService-Info.plist in Resources */,
			);
			runOnlyForDeploymentPostprocessing = 0;
		};
/* End PBXResourcesBuildPhase section */

/* Begin PBXSourcesBuildPhase section */
		E496F3FE29F5ABBA00C33CEF /* Sources */ = {
			isa = PBXSourcesBuildPhase;
			buildActionMask = 2147483647;
			files = (
				E496F42129F5C48B00C33CEF /* HomeView.swift in Sources */,
				E496F43829F6D30600C33CEF /* WatchlistViewModel.swift in Sources */,
				E496F43629F639CF00C33CEF /* PublicWatchlistsView.swift in Sources */,
				E496F42329F5D14D00C33CEF /* Watchlist.swift in Sources */,
				E496F40829F5ABBA00C33CEF /* LoginView.swift in Sources */,
				E496F43429F6185F00C33CEF /* StockViewModel.swift in Sources */,
				E496F42529F5D16700C33CEF /* Stock.swift in Sources */,
				E496F42B29F5E6B700C33CEF /* StockLookupView.swift in Sources */,
				E496F40629F5ABBA00C33CEF /* TradeTogetherApp.swift in Sources */,
				E496F43229F6171500C33CEF /* StockDetailView.swift in Sources */,
				E496F42929F5DC5D00C33CEF /* WatchlistDetailView.swift in Sources */,
				E496F42E29F5EA1100C33CEF /* StockLookupViewModel.swift in Sources */,
				E496F43029F5EBAC00C33CEF /* StockResults.swift in Sources */,
			);
			runOnlyForDeploymentPostprocessing = 0;
		};
/* End PBXSourcesBuildPhase section */

/* Begin XCBuildConfiguration section */
		E496F40E29F5ABBD00C33CEF /* Debug */ = {
			isa = XCBuildConfiguration;
			buildSettings = {
				ALWAYS_SEARCH_USER_PATHS = NO;
				CLANG_ANALYZER_NONNULL = YES;
				CLANG_ANALYZER_NUMBER_OBJECT_CONVERSION = YES_AGGRESSIVE;
				CLANG_CXX_LANGUAGE_STANDARD = "gnu++20";
				CLANG_ENABLE_MODULES = YES;
				CLANG_ENABLE_OBJC_ARC = YES;
				CLANG_ENABLE_OBJC_WEAK = YES;
				CLANG_WARN_BLOCK_CAPTURE_AUTORELEASING = YES;
				CLANG_WARN_BOOL_CONVERSION = YES;
				CLANG_WARN_COMMA = YES;
				CLANG_WARN_CONSTANT_CONVERSION = YES;
				CLANG_WARN_DEPRECATED_OBJC_IMPLEMENTATIONS = YES;
				CLANG_WARN_DIRECT_OBJC_ISA_USAGE = YES_ERROR;
				CLANG_WARN_DOCUMENTATION_COMMENTS = YES;
				CLANG_WARN_EMPTY_BODY = YES;
				CLANG_WARN_ENUM_CONVERSION = YES;
				CLANG_WARN_INFINITE_RECURSION = YES;
				CLANG_WARN_INT_CONVERSION = YES;
				CLANG_WARN_NON_LITERAL_NULL_CONVERSION = YES;
				CLANG_WARN_OBJC_IMPLICIT_RETAIN_SELF = YES;
				CLANG_WARN_OBJC_LITERAL_CONVERSION = YES;
				CLANG_WARN_OBJC_ROOT_CLASS = YES_ERROR;
				CLANG_WARN_QUOTED_INCLUDE_IN_FRAMEWORK_HEADER = YES;
				CLANG_WARN_RANGE_LOOP_ANALYSIS = YES;
				CLANG_WARN_STRICT_PROTOTYPES = YES;
				CLANG_WARN_SUSPICIOUS_MOVE = YES;
				CLANG_WARN_UNGUARDED_AVAILABILITY = YES_AGGRESSIVE;
				CLANG_WARN_UNREACHABLE_CODE = YES;
				CLANG_WARN__DUPLICATE_METHOD_MATCH = YES;
				COPY_PHASE_STRIP = NO;
				DEBUG_INFORMATION_FORMAT = dwarf;
				ENABLE_STRICT_OBJC_MSGSEND = YES;
				ENABLE_TESTABILITY = YES;
				GCC_C_LANGUAGE_STANDARD = gnu11;
				GCC_DYNAMIC_NO_PIC = NO;
				GCC_NO_COMMON_BLOCKS = YES;
				GCC_OPTIMIZATION_LEVEL = 0;
				GCC_PREPROCESSOR_DEFINITIONS = (
					"DEBUG=1",
					"$(inherited)",
				);
				GCC_WARN_64_TO_32_BIT_CONVERSION = YES;
				GCC_WARN_ABOUT_RETURN_TYPE = YES_ERROR;
				GCC_WARN_UNDECLARED_SELECTOR = YES;
				GCC_WARN_UNINITIALIZED_AUTOS = YES_AGGRESSIVE;
				GCC_WARN_UNUSED_FUNCTION = YES;
				GCC_WARN_UNUSED_VARIABLE = YES;
				IPHONEOS_DEPLOYMENT_TARGET = 16.4;
				MTL_ENABLE_DEBUG_INFO = INCLUDE_SOURCE;
				MTL_FAST_MATH = YES;
				ONLY_ACTIVE_ARCH = YES;
				SDKROOT = iphoneos;
				SWIFT_ACTIVE_COMPILATION_CONDITIONS = DEBUG;
				SWIFT_OPTIMIZATION_LEVEL = "-Onone";
			};
			name = Debug;
		};
		E496F40F29F5ABBD00C33CEF /* Release */ = {
			isa = XCBuildConfiguration;
			buildSettings = {
				ALWAYS_SEARCH_USER_PATHS = NO;
				CLANG_ANALYZER_NONNULL = YES;
				CLANG_ANALYZER_NUMBER_OBJECT_CONVERSION = YES_AGGRESSIVE;
				CLANG_CXX_LANGUAGE_STANDARD = "gnu++20";
				CLANG_ENABLE_MODULES = YES;
				CLANG_ENABLE_OBJC_ARC = YES;
				CLANG_ENABLE_OBJC_WEAK = YES;
				CLANG_WARN_BLOCK_CAPTURE_AUTORELEASING = YES;
				CLANG_WARN_BOOL_CONVERSION = YES;
				CLANG_WARN_COMMA = YES;
				CLANG_WARN_CONSTANT_CONVERSION = YES;
				CLANG_WARN_DEPRECATED_OBJC_IMPLEMENTATIONS = YES;
				CLANG_WARN_DIRECT_OBJC_ISA_USAGE = YES_ERROR;
				CLANG_WARN_DOCUMENTATION_COMMENTS = YES;
				CLANG_WARN_EMPTY_BODY = YES;
				CLANG_WARN_ENUM_CONVERSION = YES;
				CLANG_WARN_INFINITE_RECURSION = YES;
				CLANG_WARN_INT_CONVERSION = YES;
				CLANG_WARN_NON_LITERAL_NULL_CONVERSION = YES;
				CLANG_WARN_OBJC_IMPLICIT_RETAIN_SELF = YES;
				CLANG_WARN_OBJC_LITERAL_CONVERSION = YES;
				CLANG_WARN_OBJC_ROOT_CLASS = YES_ERROR;
				CLANG_WARN_QUOTED_INCLUDE_IN_FRAMEWORK_HEADER = YES;
				CLANG_WARN_RANGE_LOOP_ANALYSIS = YES;
				CLANG_WARN_STRICT_PROTOTYPES = YES;
				CLANG_WARN_SUSPICIOUS_MOVE = YES;
				CLANG_WARN_UNGUARDED_AVAILABILITY = YES_AGGRESSIVE;
				CLANG_WARN_UNREACHABLE_CODE = YES;
				CLANG_WARN__DUPLICATE_METHOD_MATCH = YES;
				COPY_PHASE_STRIP = NO;
				DEBUG_INFORMATION_FORMAT = "dwarf-with-dsym";
				ENABLE_NS_ASSERTIONS = NO;
				ENABLE_STRICT_OBJC_MSGSEND = YES;
				GCC_C_LANGUAGE_STANDARD = gnu11;
				GCC_NO_COMMON_BLOCKS = YES;
				GCC_WARN_64_TO_32_BIT_CONVERSION = YES;
				GCC_WARN_ABOUT_RETURN_TYPE = YES_ERROR;
				GCC_WARN_UNDECLARED_SELECTOR = YES;
				GCC_WARN_UNINITIALIZED_AUTOS = YES_AGGRESSIVE;
				GCC_WARN_UNUSED_FUNCTION = YES;
				GCC_WARN_UNUSED_VARIABLE = YES;
				IPHONEOS_DEPLOYMENT_TARGET = 16.4;
				MTL_ENABLE_DEBUG_INFO = NO;
				MTL_FAST_MATH = YES;
				SDKROOT = iphoneos;
				SWIFT_COMPILATION_MODE = wholemodule;
				SWIFT_OPTIMIZATION_LEVEL = "-O";
				VALIDATE_PRODUCT = YES;
			};
			name = Release;
		};
		E496F41129F5ABBD00C33CEF /* Debug */ = {
			isa = XCBuildConfiguration;
			buildSettings = {
				ASSETCATALOG_COMPILER_APPICON_NAME = AppIcon;
				ASSETCATALOG_COMPILER_GLOBAL_ACCENT_COLOR_NAME = AccentColor;
				CODE_SIGN_STYLE = Automatic;
				CURRENT_PROJECT_VERSION = 1;
				DEVELOPMENT_ASSET_PATHS = "\"TradeTogether/Preview Content\"";
				DEVELOPMENT_TEAM = N7P3J6JLUA;
				ENABLE_PREVIEWS = YES;
				GENERATE_INFOPLIST_FILE = YES;
				INFOPLIST_KEY_UIApplicationSceneManifest_Generation = YES;
				INFOPLIST_KEY_UIApplicationSupportsIndirectInputEvents = YES;
				INFOPLIST_KEY_UILaunchScreen_Generation = YES;
				INFOPLIST_KEY_UISupportedInterfaceOrientations_iPad = "UIInterfaceOrientationPortrait UIInterfaceOrientationPortraitUpsideDown UIInterfaceOrientationLandscapeLeft UIInterfaceOrientationLandscapeRight";
				INFOPLIST_KEY_UISupportedInterfaceOrientations_iPhone = "UIInterfaceOrientationPortrait UIInterfaceOrientationLandscapeLeft UIInterfaceOrientationLandscapeRight";
				IPHONEOS_DEPLOYMENT_TARGET = 16.1;
				LD_RUNPATH_SEARCH_PATHS = (
					"$(inherited)",
					"@executable_path/Frameworks",
				);
				MARKETING_VERSION = 1.0;
				PRODUCT_BUNDLE_IDENTIFIER = com.connorj.TradeTogether;
				PRODUCT_NAME = "$(TARGET_NAME)";
				SWIFT_EMIT_LOC_STRINGS = YES;
				SWIFT_VERSION = 5.0;
				TARGETED_DEVICE_FAMILY = "1,2";
			};
			name = Debug;
		};
		E496F41229F5ABBD00C33CEF /* Release */ = {
			isa = XCBuildConfiguration;
			buildSettings = {
				ASSETCATALOG_COMPILER_APPICON_NAME = AppIcon;
				ASSETCATALOG_COMPILER_GLOBAL_ACCENT_COLOR_NAME = AccentColor;
				CODE_SIGN_STYLE = Automatic;
				CURRENT_PROJECT_VERSION = 1;
				DEVELOPMENT_ASSET_PATHS = "\"TradeTogether/Preview Content\"";
				DEVELOPMENT_TEAM = N7P3J6JLUA;
				ENABLE_PREVIEWS = YES;
				GENERATE_INFOPLIST_FILE = YES;
				INFOPLIST_KEY_UIApplicationSceneManifest_Generation = YES;
				INFOPLIST_KEY_UIApplicationSupportsIndirectInputEvents = YES;
				INFOPLIST_KEY_UILaunchScreen_Generation = YES;
				INFOPLIST_KEY_UISupportedInterfaceOrientations_iPad = "UIInterfaceOrientationPortrait UIInterfaceOrientationPortraitUpsideDown UIInterfaceOrientationLandscapeLeft UIInterfaceOrientationLandscapeRight";
				INFOPLIST_KEY_UISupportedInterfaceOrientations_iPhone = "UIInterfaceOrientationPortrait UIInterfaceOrientationLandscapeLeft UIInterfaceOrientationLandscapeRight";
				IPHONEOS_DEPLOYMENT_TARGET = 16.1;
				LD_RUNPATH_SEARCH_PATHS = (
					"$(inherited)",
					"@executable_path/Frameworks",
				);
				MARKETING_VERSION = 1.0;
				PRODUCT_BUNDLE_IDENTIFIER = com.connorj.TradeTogether;
				PRODUCT_NAME = "$(TARGET_NAME)";
				SWIFT_EMIT_LOC_STRINGS = YES;
				SWIFT_VERSION = 5.0;
				TARGETED_DEVICE_FAMILY = "1,2";
			};
			name = Release;
		};
/* End XCBuildConfiguration section */

/* Begin XCConfigurationList section */
		E496F3FD29F5ABBA00C33CEF /* Build configuration list for PBXProject "TradeTogether" */ = {
			isa = XCConfigurationList;
			buildConfigurations = (
				E496F40E29F5ABBD00C33CEF /* Debug */,
				E496F40F29F5ABBD00C33CEF /* Release */,
			);
			defaultConfigurationIsVisible = 0;
			defaultConfigurationName = Release;
		};
		E496F41029F5ABBD00C33CEF /* Build configuration list for PBXNativeTarget "TradeTogether" */ = {
			isa = XCConfigurationList;
			buildConfigurations = (
				E496F41129F5ABBD00C33CEF /* Debug */,
				E496F41229F5ABBD00C33CEF /* Release */,
			);
			defaultConfigurationIsVisible = 0;
			defaultConfigurationName = Release;
		};
/* End XCConfigurationList section */

/* Begin XCRemoteSwiftPackageReference section */
		E496F41529F5ADC100C33CEF /* XCRemoteSwiftPackageReference "firebase-ios-sdk" */ = {
			isa = XCRemoteSwiftPackageReference;
			repositoryURL = "https://github.com/firebase/firebase-ios-sdk.git";
			requirement = {
				kind = upToNextMajorVersion;
				minimumVersion = 10.0.0;
			};
		};
/* End XCRemoteSwiftPackageReference section */

/* Begin XCSwiftPackageProductDependency section */
		E496F41629F5ADC200C33CEF /* FirebaseAuth */ = {
			isa = XCSwiftPackageProductDependency;
			package = E496F41529F5ADC100C33CEF /* XCRemoteSwiftPackageReference "firebase-ios-sdk" */;
			productName = FirebaseAuth;
		};
		E496F41829F5ADC200C33CEF /* FirebaseFirestore */ = {
			isa = XCSwiftPackageProductDependency;
			package = E496F41529F5ADC100C33CEF /* XCRemoteSwiftPackageReference "firebase-ios-sdk" */;
			productName = FirebaseFirestore;
		};
		E496F41A29F5ADC200C33CEF /* FirebaseFirestoreSwift */ = {
			isa = XCSwiftPackageProductDependency;
			package = E496F41529F5ADC100C33CEF /* XCRemoteSwiftPackageReference "firebase-ios-sdk" */;
			productName = FirebaseFirestoreSwift;
		};
		E496F41C29F5ADC200C33CEF /* FirebaseStorage */ = {
			isa = XCSwiftPackageProductDependency;
			package = E496F41529F5ADC100C33CEF /* XCRemoteSwiftPackageReference "firebase-ios-sdk" */;
			productName = FirebaseStorage;
		};
/* End XCSwiftPackageProductDependency section */
	};
	rootObject = E496F3FA29F5ABBA00C33CEF /* Project object */;
}
